
Microsoft Visual Studio Solution File, Format Version 12.00
# Visual Studio Version 17
VisualStudioVersion = 17.2.32505.173
MinimumVisualStudioVersion = 10.0.40219.1
Project("{9A19103F-16F7-4668-BE54-9A1E7A4F7556}") = "Algo", "Algo\Algo.csproj", "{774CA256-E03F-4AFC-A189-B4034743BA05}"
EndProject
Project("{2150E333-8FDC-42A3-9474-1A3956D46DE8}") = "algo5", "algo5", "{75ECD542-22B2-4AAE-82DF-D751801F5E6F}"
EndProject
Project("{9A19103F-16F7-4668-BE54-9A1E7A4F7556}") = "exo5_1", "..\DWWM_2204\c#\exo5_1\exo5_1.csproj", "{C1AE47A7-9C71-47B3-8592-F97FA07CDC4B}"
EndProject
Project("{9A19103F-16F7-4668-BE54-9A1E7A4F7556}") = "exo5_2", "exo5_2\exo5_2.csproj", "{EB7C9738-2EC8-4D99-AB49-3D0D33398244}"
EndProject
Project("{9A19103F-16F7-4668-BE54-9A1E7A4F7556}") = "exo5_3", "exo5_3\exo5_3.csproj", "{01C6994B-F917-4B19-A186-3515E1D61DBC}"
EndProject
Project("{2150E333-8FDC-42A3-9474-1A3956D46DE8}") = "algo6", "algo6", "{11427FC6-6350-4245-9B55-E22957437FF7}"
EndProject
Project("{9A19103F-16F7-4668-BE54-9A1E7A4F7556}") = "Exo6.1", "exo6.1\Exo6.1.csproj", "{124B8DC1-82A0-4B1F-8257-3839AC6110B6}"
EndProject
Project("{9A19103F-16F7-4668-BE54-9A1E7A4F7556}") = "Exo6.2", "Exo6.2\Exo6.2.csproj", "{83C142D6-F161-47FA-916D-D09C730C392C}"
EndProject
Project("{9A19103F-16F7-4668-BE54-9A1E7A4F7556}") = "Exo6.3", "Exo6.3\Exo6.3.csproj", "{C297DDE2-56F2-40C5-AEAB-A8AFA6BB43C7}"
EndProject
Project("{FAE04EC0-301F-11D3-BF4B-00C04F79EFBC}") = "Exo6.4", "Exo6.4\Exo6.4.csproj", "{2930F7E9-BEDB-4A10-8D22-75D31577D7F5}"
EndProject
Global
	GlobalSection(SolutionConfigurationPlatforms) = preSolution
		Debug|Any CPU = Debug|Any CPU
		Release|Any CPU = Release|Any CPU
	EndGlobalSection
	GlobalSection(ProjectConfigurationPlatforms) = postSolution
		{774CA256-E03F-4AFC-A189-B4034743BA05}.Debug|Any CPU.ActiveCfg = Debug|Any CPU
		{774CA256-E03F-4AFC-A189-B4034743BA05}.Debug|Any CPU.Build.0 = Debug|Any CPU
		{774CA256-E03F-4AFC-A189-B4034743BA05}.Release|Any CPU.ActiveCfg = Release|Any CPU
		{774CA256-E03F-4AFC-A189-B4034743BA05}.Release|Any CPU.Build.0 = Release|Any CPU
		{C1AE47A7-9C71-47B3-8592-F97FA07CDC4B}.Debug|Any CPU.ActiveCfg = Debug|Any CPU
		{C1AE47A7-9C71-47B3-8592-F97FA07CDC4B}.Debug|Any CPU.Build.0 = Debug|Any CPU
		{C1AE47A7-9C71-47B3-8592-F97FA07CDC4B}.Release|Any CPU.ActiveCfg = Release|Any CPU
		{C1AE47A7-9C71-47B3-8592-F97FA07CDC4B}.Release|Any CPU.Build.0 = Release|Any CPU
		{EB7C9738-2EC8-4D99-AB49-3D0D33398244}.Debug|Any CPU.ActiveCfg = Debug|Any CPU
		{EB7C9738-2EC8-4D99-AB49-3D0D33398244}.Debug|Any CPU.Build.0 = Debug|Any CPU
		{EB7C9738-2EC8-4D99-AB49-3D0D33398244}.Release|Any CPU.ActiveCfg = Release|Any CPU
		{EB7C9738-2EC8-4D99-AB49-3D0D33398244}.Release|Any CPU.Build.0 = Release|Any CPU
		{01C6994B-F917-4B19-A186-3515E1D61DBC}.Debug|Any CPU.ActiveCfg = Debug|Any CPU
		{01C6994B-F917-4B19-A186-3515E1D61DBC}.Debug|Any CPU.Build.0 = Debug|Any CPU
		{01C6994B-F917-4B19-A186-3515E1D61DBC}.Release|Any CPU.ActiveCfg = Release|Any CPU
		{01C6994B-F917-4B19-A186-3515E1D61DBC}.Release|Any CPU.Build.0 = Release|Any CPU
		{124B8DC1-82A0-4B1F-8257-3839AC6110B6}.Debug|Any CPU.ActiveCfg = Debug|Any CPU
		{124B8DC1-82A0-4B1F-8257-3839AC6110B6}.Debug|Any CPU.Build.0 = Debug|Any CPU
		{124B8DC1-82A0-4B1F-8257-3839AC6110B6}.Release|Any CPU.ActiveCfg = Release|Any CPU
		{124B8DC1-82A0-4B1F-8257-3839AC6110B6}.Release|Any CPU.Build.0 = Release|Any CPU
		{83C142D6-F161-47FA-916D-D09C730C392C}.Debug|Any CPU.ActiveCfg = Debug|Any CPU
		{83C142D6-F161-47FA-916D-D09C730C392C}.Debug|Any CPU.Build.0 = Debug|Any CPU
		{83C142D6-F161-47FA-916D-D09C730C392C}.Release|Any CPU.ActiveCfg = Release|Any CPU
		{83C142D6-F161-47FA-916D-D09C730C392C}.Release|Any CPU.Build.0 = Release|Any CPU
		{C297DDE2-56F2-40C5-AEAB-A8AFA6BB43C7}.Debug|Any CPU.ActiveCfg = Debug|Any CPU
		{C297DDE2-56F2-40C5-AEAB-A8AFA6BB43C7}.Debug|Any CPU.Build.0 = Debug|Any CPU
		{C297DDE2-56F2-40C5-AEAB-A8AFA6BB43C7}.Release|Any CPU.ActiveCfg = Release|Any CPU
		{C297DDE2-56F2-40C5-AEAB-A8AFA6BB43C7}.Release|Any CPU.Build.0 = Release|Any CPU
		{2930F7E9-BEDB-4A10-8D22-75D31577D7F5}.Debug|Any CPU.ActiveCfg = Debug|Any CPU
		{2930F7E9-BEDB-4A10-8D22-75D31577D7F5}.Debug|Any CPU.Build.0 = Debug|Any CPU
		{2930F7E9-BEDB-4A10-8D22-75D31577D7F5}.Release|Any CPU.ActiveCfg = Release|Any CPU
		{2930F7E9-BEDB-4A10-8D22-75D31577D7F5}.Release|Any CPU.Build.0 = Release|Any CPU
	EndGlobalSection
	GlobalSection(SolutionProperties) = preSolution
		HideSolutionNode = FALSE
	EndGlobalSection
	GlobalSection(NestedProjects) = preSolution
		{C1AE47A7-9C71-47B3-8592-F97FA07CDC4B} = {75ECD542-22B2-4AAE-82DF-D751801F5E6F}
		{EB7C9738-2EC8-4D99-AB49-3D0D33398244} = {75ECD542-22B2-4AAE-82DF-D751801F5E6F}
		{01C6994B-F917-4B19-A186-3515E1D61DBC} = {75ECD542-22B2-4AAE-82DF-D751801F5E6F}
		{124B8DC1-82A0-4B1F-8257-3839AC6110B6} = {11427FC6-6350-4245-9B55-E22957437FF7}
		{83C142D6-F161-47FA-916D-D09C730C392C} = {11427FC6-6350-4245-9B55-E22957437FF7}
		{C297DDE2-56F2-40C5-AEAB-A8AFA6BB43C7} = {11427FC6-6350-4245-9B55-E22957437FF7}
		{2930F7E9-BEDB-4A10-8D22-75D31577D7F5} = {11427FC6-6350-4245-9B55-E22957437FF7}
	EndGlobalSection
	GlobalSection(ExtensibilityGlobals) = postSolution
		SolutionGuid = {B6C22244-880F-43E0-B77B-4CCD36418561}
	EndGlobalSection
EndGlobal
